
Microsoft Visual Studio Solution File, Format Version 12.00
# Visual Studio Version 17
VisualStudioVersion = 17.14.36221.1 d17.14
MinimumVisualStudioVersion = 10.0.40219.1
Project("{FAE04EC0-301F-11D3-BF4B-00C04F79EFBC}") = "WpfScottPlot5", "WpfScottPlot5\WpfScottPlot5.csproj", "{F6B8908A-F0FB-4B3B-93DD-B23437161252}"
EndProject
Global
	GlobalSection(SolutionConfigurationPlatforms) = preSolution
		Debug|Any CPU = Debug|Any CPU
		Release|Any CPU = Release|Any CPU
	EndGlobalSection
	GlobalSection(ProjectConfigurationPlatforms) = postSolution
		{F6B8908A-F0FB-4B3B-93DD-B23437161252}.Debug|Any CPU.ActiveCfg = Debug|Any CPU
		{F6B8908A-F0FB-4B3B-93DD-B23437161252}.Debug|Any CPU.Build.0 = Debug|Any CPU
		{F6B8908A-F0FB-4B3B-93DD-B23437161252}.Release|Any CPU.ActiveCfg = Release|Any CPU
		{F6B8908A-F0FB-4B3B-93DD-B23437161252}.Release|Any CPU.Build.0 = Release|Any CPU
	EndGlobalSection
	GlobalSection(SolutionProperties) = preSolution
		HideSolutionNode = FALSE
	EndGlobalSection
	GlobalSection(ExtensibilityGlobals) = postSolution
		SolutionGuid = {265BCEC9-0DEB-42A9-BD53-BDE30AE7A072}
	EndGlobalSection
EndGlobal
