
Microsoft Visual Studio Solution File, Format Version 12.00
# Visual Studio 15
VisualStudioVersion = 15.0.27130.2010
MinimumVisualStudioVersion = 10.0.40219.1
Project("{FAE04EC0-301F-11D3-BF4B-00C04F79EFBC}") = "MahApp_SF", "MahApp_SF\MahApp_SF.csproj", "{F4F2E608-08D8-4A1A-B0D3-C29353EADCBB}"
EndProject
Global
	GlobalSection(SolutionConfigurationPlatforms) = preSolution
		Debug|Any CPU = Debug|Any CPU
		Debug|x64 = Debug|x64
		Debug|x86 = Debug|x86
		Release|Any CPU = Release|Any CPU
		Release|x64 = Release|x64
		Release|x86 = Release|x86
	EndGlobalSection
	GlobalSection(ProjectConfigurationPlatforms) = postSolution
		{F4F2E608-08D8-4A1A-B0D3-C29353EADCBB}.Debug|Any CPU.ActiveCfg = Debug|Any CPU
		{F4F2E608-08D8-4A1A-B0D3-C29353EADCBB}.Debug|Any CPU.Build.0 = Debug|Any CPU
		{F4F2E608-08D8-4A1A-B0D3-C29353EADCBB}.Debug|x64.ActiveCfg = Debug|Any CPU
		{F4F2E608-08D8-4A1A-B0D3-C29353EADCBB}.Debug|x64.Build.0 = Debug|Any CPU
		{F4F2E608-08D8-4A1A-B0D3-C29353EADCBB}.Debug|x86.ActiveCfg = Debug|Any CPU
		{F4F2E608-08D8-4A1A-B0D3-C29353EADCBB}.Debug|x86.Build.0 = Debug|Any CPU
		{F4F2E608-08D8-4A1A-B0D3-C29353EADCBB}.Release|Any CPU.ActiveCfg = Release|Any CPU
		{F4F2E608-08D8-4A1A-B0D3-C29353EADCBB}.Release|Any CPU.Build.0 = Release|Any CPU
		{F4F2E608-08D8-4A1A-B0D3-C29353EADCBB}.Release|x64.ActiveCfg = Release|Any CPU
		{F4F2E608-08D8-4A1A-B0D3-C29353EADCBB}.Release|x64.Build.0 = Release|Any CPU
		{F4F2E608-08D8-4A1A-B0D3-C29353EADCBB}.Release|x86.ActiveCfg = Release|Any CPU
		{F4F2E608-08D8-4A1A-B0D3-C29353EADCBB}.Release|x86.Build.0 = Release|Any CPU
	EndGlobalSection
	GlobalSection(SolutionProperties) = preSolution
		HideSolutionNode = FALSE
	EndGlobalSection
	GlobalSection(ExtensibilityGlobals) = postSolution
		SolutionGuid = {5F36F962-9620-4154-B77D-B6F42E7D0AB9}
	EndGlobalSection
EndGlobal
