
Microsoft Visual Studio Solution File, Format Version 12.00
# Visual Studio 15
VisualStudioVersion = 15.0.28307.168
MinimumVisualStudioVersion = 10.0.40219.1
Project("{FAE04EC0-301F-11D3-BF4B-00C04F79EFBC}") = "TextureBasedVolumeRendering", "TextureBasedVolumeRendering\TextureBasedVolumeRendering.csproj", "{183E850A-02F5-4130-8E46-B0C2A9119209}"
EndProject
Project("{FAE04EC0-301F-11D3-BF4B-00C04F79EFBC}") = "RayCasting", "RayCasting\RayCasting.csproj", "{F6C418B4-7A59-44BD-BA41-3E41F37463D3}"
EndProject
Global
	GlobalSection(SolutionConfigurationPlatforms) = preSolution
		Debug|Any CPU = Debug|Any CPU
		Release|Any CPU = Release|Any CPU
	EndGlobalSection
	GlobalSection(ProjectConfigurationPlatforms) = postSolution
		{183E850A-02F5-4130-8E46-B0C2A9119209}.Debug|Any CPU.ActiveCfg = Debug|Any CPU
		{183E850A-02F5-4130-8E46-B0C2A9119209}.Debug|Any CPU.Build.0 = Debug|Any CPU
		{183E850A-02F5-4130-8E46-B0C2A9119209}.Release|Any CPU.ActiveCfg = Release|Any CPU
		{183E850A-02F5-4130-8E46-B0C2A9119209}.Release|Any CPU.Build.0 = Release|Any CPU
		{F6C418B4-7A59-44BD-BA41-3E41F37463D3}.Debug|Any CPU.ActiveCfg = Debug|Any CPU
		{F6C418B4-7A59-44BD-BA41-3E41F37463D3}.Debug|Any CPU.Build.0 = Debug|Any CPU
		{F6C418B4-7A59-44BD-BA41-3E41F37463D3}.Release|Any CPU.ActiveCfg = Release|Any CPU
		{F6C418B4-7A59-44BD-BA41-3E41F37463D3}.Release|Any CPU.Build.0 = Release|Any CPU
	EndGlobalSection
	GlobalSection(SolutionProperties) = preSolution
		HideSolutionNode = FALSE
	EndGlobalSection
	GlobalSection(ExtensibilityGlobals) = postSolution
		SolutionGuid = {C75FC534-6B92-46BD-A469-669DD76F9342}
	EndGlobalSection
EndGlobal
