
Microsoft Visual Studio Solution File, Format Version 12.00
# Visual Studio 15
VisualStudioVersion = 15.0.27428.2043
MinimumVisualStudioVersion = 10.0.40219.1
Project("{FAE04EC0-301F-11D3-BF4B-00C04F79EFBC}") = "Legend", "Legend\Legend.csproj", "{164F98EC-812E-41DA-8278-0E351DF21E24}"
EndProject
Global
	GlobalSection(SolutionConfigurationPlatforms) = preSolution
		Debug|Any CPU = Debug|Any CPU
		Release|Any CPU = Release|Any CPU
	EndGlobalSection
	GlobalSection(ProjectConfigurationPlatforms) = postSolution
		{164F98EC-812E-41DA-8278-0E351DF21E24}.Debug|Any CPU.ActiveCfg = Debug|Any CPU
		{164F98EC-812E-41DA-8278-0E351DF21E24}.Debug|Any CPU.Build.0 = Debug|Any CPU
		{164F98EC-812E-41DA-8278-0E351DF21E24}.Release|Any CPU.ActiveCfg = Release|Any CPU
		{164F98EC-812E-41DA-8278-0E351DF21E24}.Release|Any CPU.Build.0 = Release|Any CPU
	EndGlobalSection
	GlobalSection(SolutionProperties) = preSolution
		HideSolutionNode = FALSE
	EndGlobalSection
	GlobalSection(ExtensibilityGlobals) = postSolution
		SolutionGuid = {52CE6754-D21B-4CBE-9C2C-64ED7AC23506}
	EndGlobalSection
EndGlobal
